<?xml version="1.0" encoding="utf-8"?>
<Project ToolsVersion="4.0" xmlns="http://schemas.microsoft.com/developer/msbuild/2003">
  <ItemGroup>
    <Filter Include="Source Files">
      <UniqueIdentifier>{4FC737F1-C7A5-4376-A066-2A32D752A2FF}</UniqueIdentifier>
      <Extensions>cpp;c;cxx;def;odl;idl;hpj;bat;asm;asmx</Extensions>
    </Filter>
    <Filter Include="Zeven">
      <UniqueIdentifier>{93995380-89BD-4b04-88EB-625FBE52EBFB}</UniqueIdentifier>
      <Extensions>h;hpp;hxx;hm;inl;inc;xsd</Extensions>
    </Filter>
    <Filter Include="Zeven\API">
      <UniqueIdentifier>{83f0308f-4a4f-4c7f-a5c2-a5d82f1ab24f}</UniqueIdentifier>
    </Filter>
    <Filter Include="Menu">
      <UniqueIdentifier>{9d944b67-ea15-4046-a2a0-fdcb5dfd957c}</UniqueIdentifier>
    </Filter>
    <Filter Include="Menu2">
      <UniqueIdentifier>{1a4d7237-7fa7-4734-9f1f-4520a63bb38c}</UniqueIdentifier>
    </Filter>
    <Filter Include="Menu2\Dialogs">
      <UniqueIdentifier>{f408a2d7-90eb-41b3-9a21-00e629cbef42}</UniqueIdentifier>
    </Filter>
    <Filter Include="Weather">
      <UniqueIdentifier>{7efe48a5-73cd-40cb-a990-851e7807dd91}</UniqueIdentifier>
    </Filter>
    <Filter Include="Game">
      <UniqueIdentifier>{0acbe42a-7a69-4899-896d-7a65e30410e0}</UniqueIdentifier>
    </Filter>
    <Filter Include="Game\Master">
      <UniqueIdentifier>{1ad28f11-6bfe-4e69-9a91-474ed34381aa}</UniqueIdentifier>
    </Filter>
    <Filter Include="Game\AStar">
      <UniqueIdentifier>{aaa90810-a8e3-4f30-a059-f5292e57c0ac}</UniqueIdentifier>
    </Filter>
    <Filter Include="External">
      <UniqueIdentifier>{b69030f2-cc1e-4e9e-9174-10708d14ceac}</UniqueIdentifier>
    </Filter>
    <Filter Include="Engine">
      <UniqueIdentifier>{5ad997f9-4a56-4931-bf04-a73859b8cea6}</UniqueIdentifier>
    </Filter>
    <Filter Include="Engine\Babonet">
      <UniqueIdentifier>{42ae88d1-ac3e-4e00-a0e8-5845334f2cfa}</UniqueIdentifier>
    </Filter>
    <Filter Include="Engine\Zeven">
      <UniqueIdentifier>{5e97cd30-56ec-489e-bf9a-13282b295342}</UniqueIdentifier>
    </Filter>
    <Filter Include="Engine\dko">
      <UniqueIdentifier>{73283e47-ae0d-420a-ac53-9ab2df8f4607}</UniqueIdentifier>
    </Filter>
    <Filter Include="Engine\Zeven\dkgl">
      <UniqueIdentifier>{841cacbb-d444-4cdb-9126-c67b00c55571}</UniqueIdentifier>
    </Filter>
    <Filter Include="Engine\Zeven\dkw">
      <UniqueIdentifier>{63a4b14d-2f49-4d00-a8bd-9c9a95779a8b}</UniqueIdentifier>
    </Filter>
    <Filter Include="Engine\Zeven\dksvar">
      <UniqueIdentifier>{790642c9-ae19-4829-b430-c6ae0a8f0818}</UniqueIdentifier>
    </Filter>
    <Filter Include="Engine\Zeven\dki">
      <UniqueIdentifier>{04fdbebd-aacd-43f3-92e0-55e209a31869}</UniqueIdentifier>
    </Filter>
    <Filter Include="Engine\Zeven\dkt">
      <UniqueIdentifier>{30f64d8e-fe95-4c52-97aa-5c363006e5c0}</UniqueIdentifier>
    </Filter>
    <Filter Include="Engine\Zeven\dkf">
      <UniqueIdentifier>{241da105-2379-4a37-8fdf-3ad0878cd174}</UniqueIdentifier>
    </Filter>
    <Filter Include="Engine\Zeven\dkp">
      <UniqueIdentifier>{d241ea9b-80b4-4aec-abd6-9a1f225fc6b2}</UniqueIdentifier>
    </Filter>
    <Filter Include="Engine\Zeven\dkc">
      <UniqueIdentifier>{9d4596a0-ddb4-48a4-af07-33675deb1abd}</UniqueIdentifier>
    </Filter>
    <Filter Include="Engine\Zeven\dks">
      <UniqueIdentifier>{4440ff26-9545-444e-9358-5c8925a106cb}</UniqueIdentifier>
    </Filter>
  </ItemGroup>
  <ItemGroup>
    <ClCompile Include="AccountManager.cpp">
      <Filter>Source Files</Filter>
    </ClCompile>
    <ClCompile Include="CMaterial.cpp">
      <Filter>Source Files</Filter>
    </ClCompile>
    <ClCompile Include="CMesh.cpp">
      <Filter>Source Files</Filter>
    </ClCompile>
    <ClCompile Include="CMeshBuilder.cpp">
      <Filter>Source Files</Filter>
    </ClCompile>
    <ClCompile Include="Console.cpp">
      <Filter>Source Files</Filter>
    </ClCompile>
    <ClCompile Include="CVertexBuffer.cpp">
      <Filter>Source Files</Filter>
    </ClCompile>
    <ClCompile Include="GameVar.cpp">
      <Filter>Source Files</Filter>
    </ClCompile>
    <ClCompile Include="Helper.cpp">
      <Filter>Source Files</Filter>
    </ClCompile>
    <ClCompile Include="KeyManager.cpp">
      <Filter>Source Files</Filter>
    </ClCompile>
    <ClCompile Include="main.cpp">
      <Filter>Source Files</Filter>
    </ClCompile>
    <ClCompile Include="Writting.cpp">
      <Filter>Source Files</Filter>
    </ClCompile>
    <ClCompile Include="CMatrix.cpp">
      <Filter>Zeven</Filter>
    </ClCompile>
    <ClCompile Include="CString.cpp">
      <Filter>Zeven</Filter>
    </ClCompile>
    <ClCompile Include="CThread.cpp">
      <Filter>Zeven</Filter>
    </ClCompile>
    <ClCompile Include="CVector.cpp">
      <Filter>Zeven</Filter>
    </ClCompile>
    <ClCompile Include="FileIO.cpp">
      <Filter>Zeven</Filter>
    </ClCompile>
    <ClCompile Include="MemIO.cpp">
      <Filter>Zeven</Filter>
    </ClCompile>
    <ClCompile Include="Button.cpp">
      <Filter>Menu</Filter>
    </ClCompile>
    <ClCompile Include="Choice.cpp">
      <Filter>Menu</Filter>
    </ClCompile>
    <ClCompile Include="Control.cpp">
      <Filter>Menu</Filter>
    </ClCompile>
    <ClCompile Include="ControlListener.cpp">
      <Filter>Menu</Filter>
    </ClCompile>
    <ClCompile Include="Key.cpp">
      <Filter>Menu</Filter>
    </ClCompile>
    <ClCompile Include="Label.cpp">
      <Filter>Menu</Filter>
    </ClCompile>
    <ClCompile Include="Write.cpp">
      <Filter>Menu</Filter>
    </ClCompile>
    <ClCompile Include="CAccount.cpp">
      <Filter>Menu2</Filter>
    </ClCompile>
    <ClCompile Include="CBrowser.cpp">
      <Filter>Menu2</Filter>
    </ClCompile>
    <ClCompile Include="CClans.cpp">
      <Filter>Menu2</Filter>
    </ClCompile>
    <ClCompile Include="CControl.cpp">
      <Filter>Menu2</Filter>
    </ClCompile>
    <ClCompile Include="CCredit.cpp">
      <Filter>Menu2</Filter>
    </ClCompile>
    <ClCompile Include="CEditor.cpp">
      <Filter>Menu2</Filter>
    </ClCompile>
    <ClCompile Include="CFriends.cpp">
      <Filter>Menu2</Filter>
    </ClCompile>
    <ClCompile Include="CHost.cpp">
      <Filter>Menu2</Filter>
    </ClCompile>
    <ClCompile Include="CListener.cpp">
      <Filter>Menu2</Filter>
    </ClCompile>
    <ClCompile Include="CMainTab.cpp">
      <Filter>Menu2</Filter>
    </ClCompile>
    <ClCompile Include="CMenuManager.cpp">
      <Filter>Menu2</Filter>
    </ClCompile>
    <ClCompile Include="CNews.cpp">
      <Filter>Menu2</Filter>
    </ClCompile>
    <ClCompile Include="COption.cpp">
      <Filter>Menu2</Filter>
    </ClCompile>
    <ClCompile Include="CPlayers.cpp">
      <Filter>Menu2</Filter>
    </ClCompile>
    <ClCompile Include="CProfile.cpp">
      <Filter>Menu2</Filter>
    </ClCompile>
    <ClCompile Include="CRegisterClan.cpp">
      <Filter>Menu2</Filter>
    </ClCompile>
    <ClCompile Include="CStats.cpp">
      <Filter>Menu2</Filter>
    </ClCompile>
    <ClCompile Include="CSurvey.cpp">
      <Filter>Menu2</Filter>
    </ClCompile>
    <ClCompile Include="CUserLogin.cpp">
      <Filter>Menu2</Filter>
    </ClCompile>
    <ClCompile Include="Dialog.cpp">
      <Filter>Menu2</Filter>
    </ClCompile>
    <ClCompile Include="MenuSetup.cpp">
      <Filter>Menu2</Filter>
    </ClCompile>
    <ClCompile Include="ConfirmPass.cpp">
      <Filter>Menu2\Dialogs</Filter>
    </ClCompile>
    <ClCompile Include="MessageDialog.cpp">
      <Filter>Menu2\Dialogs</Filter>
    </ClCompile>
    <ClCompile Include="CLava.cpp">
      <Filter>Weather</Filter>
    </ClCompile>
    <ClCompile Include="CRain.cpp">
      <Filter>Weather</Filter>
    </ClCompile>
    <ClCompile Include="CSnow.cpp">
      <Filter>Weather</Filter>
    </ClCompile>
    <ClCompile Include="CWeather.cpp">
      <Filter>Weather</Filter>
    </ClCompile>
    <ClCompile Include="Client.cpp">
      <Filter>Game</Filter>
    </ClCompile>
    <ClCompile Include="ClientRecv.cpp">
      <Filter>Game</Filter>
    </ClCompile>
    <ClCompile Include="ClientRender.cpp">
      <Filter>Game</Filter>
    </ClCompile>
    <ClCompile Include="CStatus.cpp">
      <Filter>Game</Filter>
    </ClCompile>
    <ClCompile Include="Editor.cpp">
      <Filter>Game</Filter>
    </ClCompile>
    <ClCompile Include="EditorDialogs.cpp">
      <Filter>Game</Filter>
    </ClCompile>
    <ClCompile Include="EditorTools.cpp">
      <Filter>Game</Filter>
    </ClCompile>
    <ClCompile Include="Game.cpp">
      <Filter>Game</Filter>
    </ClCompile>
    <ClCompile Include="GameProjectile.cpp">
      <Filter>Game</Filter>
    </ClCompile>
    <ClCompile Include="GameRender.cpp">
      <Filter>Game</Filter>
    </ClCompile>
    <ClCompile Include="GameShowStats.cpp">
      <Filter>Game</Filter>
    </ClCompile>
    <ClCompile Include="GameSpawn.cpp">
      <Filter>Game</Filter>
    </ClCompile>
    <ClCompile Include="IntroScreen.cpp">
      <Filter>Game</Filter>
    </ClCompile>
    <ClCompile Include="Map.cpp">
      <Filter>Game</Filter>
    </ClCompile>
    <ClCompile Include="MapRender.cpp">
      <Filter>Game</Filter>
    </ClCompile>
    <ClCompile Include="Minibot.cpp">
      <Filter>Game</Filter>
    </ClCompile>
    <ClCompile Include="Player.cpp">
      <Filter>Game</Filter>
    </ClCompile>
    <ClCompile Include="PlayerUpdate.cpp">
      <Filter>Game</Filter>
    </ClCompile>
    <ClCompile Include="ReportGen.cpp">
      <Filter>Game</Filter>
    </ClCompile>
    <ClCompile Include="Scene.cpp">
      <Filter>Game</Filter>
    </ClCompile>
    <ClCompile Include="SceneNet.cpp">
      <Filter>Game</Filter>
    </ClCompile>
    <ClCompile Include="Server.cpp">
      <Filter>Game</Filter>
    </ClCompile>
    <ClCompile Include="ServerCTF.cpp">
      <Filter>Game</Filter>
    </ClCompile>
    <ClCompile Include="ServerRecv.cpp">
      <Filter>Game</Filter>
    </ClCompile>
    <ClCompile Include="ServerSnD.cpp">
      <Filter>Game</Filter>
    </ClCompile>
    <ClCompile Include="Weapon.cpp">
      <Filter>Game</Filter>
    </ClCompile>
    <ClCompile Include="CLobby.cpp">
      <Filter>Game\Master</Filter>
    </ClCompile>
    <ClCompile Include="CMaster.cpp">
      <Filter>Game\Master</Filter>
    </ClCompile>
    <ClCompile Include="CPing.cpp">
      <Filter>Game\Master</Filter>
    </ClCompile>
    <ClCompile Include="CAStar.cpp">
      <Filter>Game\AStar</Filter>
    </ClCompile>
    <ClCompile Include="CAStar_FindPath.cpp">
      <Filter>Game\AStar</Filter>
    </ClCompile>
    <ClCompile Include="CPathNode.cpp">
      <Filter>Game\AStar</Filter>
    </ClCompile>
    <ClCompile Include="CCurl.cpp">
      <Filter>External</Filter>
    </ClCompile>
    <ClCompile Include="md5.cpp">
      <Filter>External</Filter>
    </ClCompile>
    <ClCompile Include="md5_2.c">
      <Filter>External</Filter>
    </ClCompile>
    <ClCompile Include="screengrab.cpp">
      <Filter>External</Filter>
    </ClCompile>
    <ClCompile Include="tinyxml.cpp">
      <Filter>External</Filter>
    </ClCompile>
    <ClCompile Include="tinyxmlerror.cpp">
      <Filter>External</Filter>
    </ClCompile>
    <ClCompile Include="tinyxmlparser.cpp">
      <Filter>External</Filter>
    </ClCompile>
    <ClCompile Include="..\..\Engine\babonet\Code\cClient.cpp">
      <Filter>Engine\Babonet</Filter>
    </ClCompile>
    <ClCompile Include="..\..\Engine\babonet\Code\cConnection.cpp">
      <Filter>Engine\Babonet</Filter>
    </ClCompile>
    <ClCompile Include="..\..\Engine\babonet\Code\cDNSquery.cpp">
      <Filter>Engine\Babonet</Filter>
    </ClCompile>
    <ClCompile Include="..\..\Engine\babonet\Code\cPeer.cpp">
      <Filter>Engine\Babonet</Filter>
    </ClCompile>
    <ClCompile Include="..\..\Engine\babonet\Code\cPeer2Peer.cpp">
      <Filter>Engine\Babonet</Filter>
    </ClCompile>
    <ClCompile Include="..\..\Engine\babonet\Code\cUDPpacket.cpp">
      <Filter>Engine\Babonet</Filter>
    </ClCompile>
    <ClCompile Include="..\..\Engine\babonet\Code\cIncConnection.cpp">
      <Filter>Engine\Babonet</Filter>
    </ClCompile>
    <ClCompile Include="..\..\Engine\babonet\Code\baboNet.cpp">
      <Filter>Engine\Babonet</Filter>
    </ClCompile>
    <ClCompile Include="..\..\Engine\babonet\Code\cServer.cpp">
      <Filter>Engine\Babonet</Filter>
    </ClCompile>
    <ClCompile Include="..\..\Engine\babonet\Code\cPacket.cpp">
      <Filter>Engine\Babonet</Filter>
    </ClCompile>
    <ClCompile Include="..\..\Engine\babonet\Code\md5class.cpp">
      <Filter>Engine\Babonet</Filter>
    </ClCompile>
    <ClCompile Include="..\..\Engine\babonet\Code\md5c.c">
      <Filter>Engine\Babonet</Filter>
    </ClCompile>
    <ClCompile Include="..\..\Engine\dko\Code\CdkoModel.cpp">
      <Filter>Engine\dko</Filter>
    </ClCompile>
    <ClCompile Include="..\..\Engine\dko\Code\CFace.cpp">
      <Filter>Engine\dko</Filter>
    </ClCompile>
    <ClCompile Include="..\..\Engine\dko\Code\COctree.cpp">
      <Filter>Engine\dko</Filter>
    </ClCompile>
    <ClCompile Include="..\..\Engine\dko\Code\dko.cpp">
      <Filter>Engine\dko</Filter>
    </ClCompile>
    <ClCompile Include="..\..\Engine\dko\Code\eHierarchic.cpp">
      <Filter>Engine\dko</Filter>
    </ClCompile>
    <ClCompile Include="..\..\Engine\dko\Code\ePTexture.cpp">
      <Filter>Engine\dko</Filter>
    </ClCompile>
    <ClCompile Include="..\..\Engine\dko\Code\CdkoAnimation.cpp">
      <Filter>Engine\dko</Filter>
    </ClCompile>
    <ClCompile Include="..\..\Engine\dko\Code\CdkoMaterial.cpp">
      <Filter>Engine\dko</Filter>
    </ClCompile>
    <ClCompile Include="..\..\Engine\dko\Code\CdkoMesh.cpp">
      <Filter>Engine\dko</Filter>
    </ClCompile>
    <ClCompile Include="..\..\Engine\DukZeven\Code\dkgl.cpp">
      <Filter>Engine\Zeven\dkgl</Filter>
    </ClCompile>
    <ClCompile Include="..\..\Engine\DukZeven\Code\dkw.cpp">
      <Filter>Engine\Zeven\dkw</Filter>
    </ClCompile>
    <ClCompile Include="..\..\Engine\DukZeven\Code\dksvar.cpp">
      <Filter>Engine\Zeven\dksvar</Filter>
    </ClCompile>
    <ClCompile Include="..\..\Engine\DukZeven\Code\CSystemVariable.cpp">
      <Filter>Engine\Zeven\dksvar</Filter>
    </ClCompile>
    <ClCompile Include="..\..\Engine\DukZeven\Code\dki.cpp">
      <Filter>Engine\Zeven\dki</Filter>
    </ClCompile>
    <ClCompile Include="..\..\Engine\DukZeven\Code\dkt.cpp">
      <Filter>Engine\Zeven\dkt</Filter>
    </ClCompile>
    <ClCompile Include="..\..\Engine\DukZeven\Code\dkf.cpp">
      <Filter>Engine\Zeven\dkf</Filter>
    </ClCompile>
    <ClCompile Include="..\..\Engine\DukZeven\Code\CFont.cpp">
      <Filter>Engine\Zeven\dkf</Filter>
    </ClCompile>
    <ClCompile Include="..\..\Engine\DukZeven\Code\dkp.cpp">
      <Filter>Engine\Zeven\dkp</Filter>
    </ClCompile>
    <ClCompile Include="..\..\Engine\DukZeven\Code\CParticle.cpp">
      <Filter>Engine\Zeven\dkp</Filter>
    </ClCompile>
    <ClCompile Include="..\..\Engine\DukZeven\Code\dkc.cpp">
      <Filter>Engine\Zeven\dkc</Filter>
    </ClCompile>
    <ClCompile Include="..\..\Engine\DukZeven\Code\dks.cpp">
      <Filter>Engine\Zeven\dks</Filter>
    </ClCompile>
  </ItemGroup>
  <ItemGroup>
    <ClInclude Include="AccountManager.h">
      <Filter>Source Files</Filter>
    </ClInclude>
    <ClInclude Include="CMaterial.h">
      <Filter>Source Files</Filter>
    </ClInclude>
    <ClInclude Include="CMesh.h">
      <Filter>Source Files</Filter>
    </ClInclude>
    <ClInclude Include="CMeshBuilder.h">
      <Filter>Source Files</Filter>
    </ClInclude>
    <ClInclude Include="Console.h">
      <Filter>Source Files</Filter>
    </ClInclude>
    <ClInclude Include="CVertexBuffer.h">
      <Filter>Source Files</Filter>
    </ClInclude>
    <ClInclude Include="GameVar.h">
      <Filter>Source Files</Filter>
    </ClInclude>
    <ClInclude Include="Helper.h">
      <Filter>Source Files</Filter>
    </ClInclude>
    <ClInclude Include="KeyManager.h">
      <Filter>Source Files</Filter>
    </ClInclude>
    <ClInclude Include="Writting.h">
      <Filter>Source Files</Filter>
    </ClInclude>
    <ClInclude Include="CMatrix.h">
      <Filter>Zeven</Filter>
    </ClInclude>
    <ClInclude Include="CString.h">
      <Filter>Zeven</Filter>
    </ClInclude>
    <ClInclude Include="CThread.h">
      <Filter>Zeven</Filter>
    </ClInclude>
    <ClInclude Include="CVector.h">
      <Filter>Zeven</Filter>
    </ClInclude>
    <ClInclude Include="FileIO.h">
      <Filter>Zeven</Filter>
    </ClInclude>
    <ClInclude Include="MemIO.h">
      <Filter>Zeven</Filter>
    </ClInclude>
    <ClInclude Include="resource3.h">
      <Filter>Zeven</Filter>
    </ClInclude>
    <ClInclude Include="Zeven.h">
      <Filter>Zeven\API</Filter>
    </ClInclude>
    <ClInclude Include="Button.h">
      <Filter>Menu</Filter>
    </ClInclude>
    <ClInclude Include="Choice.h">
      <Filter>Menu</Filter>
    </ClInclude>
    <ClInclude Include="Control.h">
      <Filter>Menu</Filter>
    </ClInclude>
    <ClInclude Include="ControlListener.h">
      <Filter>Menu</Filter>
    </ClInclude>
    <ClInclude Include="Key.h">
      <Filter>Menu</Filter>
    </ClInclude>
    <ClInclude Include="Label.h">
      <Filter>Menu</Filter>
    </ClInclude>
    <ClInclude Include="Write.h">
      <Filter>Menu</Filter>
    </ClInclude>
    <ClInclude Include="CAccount.h">
      <Filter>Menu2</Filter>
    </ClInclude>
    <ClInclude Include="CBrowser.h">
      <Filter>Menu2</Filter>
    </ClInclude>
    <ClInclude Include="CClans.h">
      <Filter>Menu2</Filter>
    </ClInclude>
    <ClInclude Include="CControl.h">
      <Filter>Menu2</Filter>
    </ClInclude>
    <ClInclude Include="CCredit.h">
      <Filter>Menu2</Filter>
    </ClInclude>
    <ClInclude Include="CEditor.h">
      <Filter>Menu2</Filter>
    </ClInclude>
    <ClInclude Include="CFriends.h">
      <Filter>Menu2</Filter>
    </ClInclude>
    <ClInclude Include="CHost.h">
      <Filter>Menu2</Filter>
    </ClInclude>
    <ClInclude Include="CListener.h">
      <Filter>Menu2</Filter>
    </ClInclude>
    <ClInclude Include="CMainTab.h">
      <Filter>Menu2</Filter>
    </ClInclude>
    <ClInclude Include="CMenuManager.h">
      <Filter>Menu2</Filter>
    </ClInclude>
    <ClInclude Include="CNews.h">
      <Filter>Menu2</Filter>
    </ClInclude>
    <ClInclude Include="COption.h">
      <Filter>Menu2</Filter>
    </ClInclude>
    <ClInclude Include="CPanel.h">
      <Filter>Menu2</Filter>
    </ClInclude>
    <ClInclude Include="CPlayers.h">
      <Filter>Menu2</Filter>
    </ClInclude>
    <ClInclude Include="CProfile.h">
      <Filter>Menu2</Filter>
    </ClInclude>
    <ClInclude Include="CRegisterClan.h">
      <Filter>Menu2</Filter>
    </ClInclude>
    <ClInclude Include="CStats.h">
      <Filter>Menu2</Filter>
    </ClInclude>
    <ClInclude Include="CSurvey.h">
      <Filter>Menu2</Filter>
    </ClInclude>
    <ClInclude Include="CUserLogin.h">
      <Filter>Menu2</Filter>
    </ClInclude>
    <ClInclude Include="Dialog.h">
      <Filter>Menu2</Filter>
    </ClInclude>
    <ClInclude Include="Host.h">
      <Filter>Menu2</Filter>
    </ClInclude>
    <ClInclude Include="ConfirmPass.h">
      <Filter>Menu2\Dialogs</Filter>
    </ClInclude>
    <ClInclude Include="MessageDialog.h">
      <Filter>Menu2\Dialogs</Filter>
    </ClInclude>
    <ClInclude Include="CLava.h">
      <Filter>Weather</Filter>
    </ClInclude>
    <ClInclude Include="CRain.h">
      <Filter>Weather</Filter>
    </ClInclude>
    <ClInclude Include="CSnow.h">
      <Filter>Weather</Filter>
    </ClInclude>
    <ClInclude Include="CWeather.h">
      <Filter>Weather</Filter>
    </ClInclude>
    <ClInclude Include="Client.h">
      <Filter>Game</Filter>
    </ClInclude>
    <ClInclude Include="CStatus.h">
      <Filter>Game</Filter>
    </ClInclude>
    <ClInclude Include="Editor.h">
      <Filter>Game</Filter>
    </ClInclude>
    <ClInclude Include="EditorDialogs.h">
      <Filter>Game</Filter>
    </ClInclude>
    <ClInclude Include="EditorTools.h">
      <Filter>Game</Filter>
    </ClInclude>
    <ClInclude Include="Game.h">
      <Filter>Game</Filter>
    </ClInclude>
    <ClInclude Include="IntroScreen.h">
      <Filter>Game</Filter>
    </ClInclude>
    <ClInclude Include="Map.h">
      <Filter>Game</Filter>
    </ClInclude>
    <ClInclude Include="netPacket.h">
      <Filter>Game</Filter>
    </ClInclude>
    <ClInclude Include="Player.h">
      <Filter>Game</Filter>
    </ClInclude>
    <ClInclude Include="ReportGen.h">
      <Filter>Game</Filter>
    </ClInclude>
    <ClInclude Include="Scene.h">
      <Filter>Game</Filter>
    </ClInclude>
    <ClInclude Include="Server.h">
      <Filter>Game</Filter>
    </ClInclude>
    <ClInclude Include="Weapon.h">
      <Filter>Game</Filter>
    </ClInclude>
    <ClInclude Include="CLobby.h">
      <Filter>Game\Master</Filter>
    </ClInclude>
    <ClInclude Include="CMaster.h">
      <Filter>Game\Master</Filter>
    </ClInclude>
    <ClInclude Include="CPing.h">
      <Filter>Game\Master</Filter>
    </ClInclude>
    <ClInclude Include="CAStar.h">
      <Filter>Game\AStar</Filter>
    </ClInclude>
    <ClInclude Include="CPathNode.h">
      <Filter>Game\AStar</Filter>
    </ClInclude>
    <ClInclude Include="CCurl.h">
      <Filter>External</Filter>
    </ClInclude>
    <ClInclude Include="ChecksumQuery.h">
      <Filter>External</Filter>
    </ClInclude>
    <ClInclude Include="FastDelegate.h">
      <Filter>External</Filter>
    </ClInclude>
    <ClInclude Include="md5.h">
      <Filter>External</Filter>
    </ClInclude>
    <ClInclude Include="md5_2.h">
      <Filter>External</Filter>
    </ClInclude>
    <ClInclude Include="..\inc\platform_types.h">
      <Filter>External</Filter>
    </ClInclude>
    <ClInclude Include="tinyxml.h">
      <Filter>External</Filter>
    </ClInclude>
    <ClInclude Include="..\..\Engine\babonet\Code\cClient.h">
      <Filter>Engine\Babonet</Filter>
    </ClInclude>
    <ClInclude Include="..\..\Engine\babonet\Code\cConnection.h">
      <Filter>Engine\Babonet</Filter>
    </ClInclude>
    <ClInclude Include="..\..\Engine\babonet\Code\global.h">
      <Filter>Engine\Babonet</Filter>
    </ClInclude>
    <ClInclude Include="..\..\Engine\babonet\Code\cDNSquery.h">
      <Filter>Engine\Babonet</Filter>
    </ClInclude>
    <ClInclude Include="..\..\Engine\babonet\Code\cPeer.h">
      <Filter>Engine\Babonet</Filter>
    </ClInclude>
    <ClInclude Include="..\..\Engine\babonet\Code\cPeer2Peer.h">
      <Filter>Engine\Babonet</Filter>
    </ClInclude>
    <ClInclude Include="..\..\Engine\babonet\Code\cUDPpacket.h">
      <Filter>Engine\Babonet</Filter>
    </ClInclude>
    <ClInclude Include="..\..\Engine\babonet\Code\cIncConnection.h">
      <Filter>Engine\Babonet</Filter>
    </ClInclude>
    <ClInclude Include="..\..\Engine\babonet\Code\baboNet.h">
      <Filter>Engine\Babonet</Filter>
    </ClInclude>
    <ClInclude Include="..\..\Engine\babonet\Code\cServer.h">
      <Filter>Engine\Babonet</Filter>
    </ClInclude>
    <ClInclude Include="..\..\Engine\babonet\Code\cPacket.h">
      <Filter>Engine\Babonet</Filter>
    </ClInclude>
    <ClInclude Include="..\..\Engine\babonet\Code\md5class.h">
      <Filter>Engine\Babonet</Filter>
    </ClInclude>
    <ClInclude Include="..\..\Engine\dko\inc\platform_types.h">
      <Filter>Engine\dko</Filter>
    </ClInclude>
    <ClInclude Include="..\..\Engine\dko\Code\CdkoMesh.h">
      <Filter>Engine\dko</Filter>
    </ClInclude>
    <ClInclude Include="..\..\Engine\dko\Code\CdkoModel.h">
      <Filter>Engine\dko</Filter>
    </ClInclude>
    <ClInclude Include="..\..\Engine\dko\Code\CFace.h">
      <Filter>Engine\dko</Filter>
    </ClInclude>
    <ClInclude Include="..\..\Engine\dko\Code\CHUNKINF.H">
      <Filter>Engine\dko</Filter>
    </ClInclude>
    <ClInclude Include="..\..\Engine\dko\Code\COctree.h">
      <Filter>Engine\dko</Filter>
    </ClInclude>
    <ClInclude Include="..\..\Engine\dko\Code\dko.h">
      <Filter>Engine\dko</Filter>
    </ClInclude>
    <ClInclude Include="..\..\Engine\dko\Code\dkoInner.h">
      <Filter>Engine\dko</Filter>
    </ClInclude>
    <ClInclude Include="..\..\Engine\dko\Code\eHierarchic.h">
      <Filter>Engine\dko</Filter>
    </ClInclude>
    <ClInclude Include="..\..\Engine\dko\Code\ePTexture.h">
      <Filter>Engine\dko</Filter>
    </ClInclude>
    <ClInclude Include="..\..\Engine\dko\Code\CdkoAnimation.h">
      <Filter>Engine\dko</Filter>
    </ClInclude>
    <ClInclude Include="..\..\Engine\dko\Code\CdkoMaterial.h">
      <Filter>Engine\dko</Filter>
    </ClInclude>
    <ClInclude Include="..\..\Engine\DukZeven\Code\dkgl.h">
      <Filter>Engine\Zeven\dkgl</Filter>
    </ClInclude>
    <ClInclude Include="..\..\Engine\DukZeven\Code\dkgli.h">
      <Filter>Engine\Zeven\dkgl</Filter>
    </ClInclude>
    <ClInclude Include="..\..\Engine\DukZeven\Code\dkw.h">
      <Filter>Engine\Zeven\dkw</Filter>
    </ClInclude>
    <ClInclude Include="..\..\Engine\DukZeven\Code\dkwi.h">
      <Filter>Engine\Zeven\dkw</Filter>
    </ClInclude>
    <ClInclude Include="..\..\Engine\DukZeven\Code\dksvar.h">
      <Filter>Engine\Zeven\dksvar</Filter>
    </ClInclude>
    <ClInclude Include="..\..\Engine\DukZeven\Code\dksvardef.h">
      <Filter>Engine\Zeven\dksvar</Filter>
    </ClInclude>
    <ClInclude Include="..\..\Engine\DukZeven\Code\dksvari.h">
      <Filter>Engine\Zeven\dksvar</Filter>
    </ClInclude>
    <ClInclude Include="..\..\Engine\DukZeven\Code\CSystemVariable.h">
      <Filter>Engine\Zeven\dksvar</Filter>
    </ClInclude>
    <ClInclude Include="..\..\Engine\DukZeven\Code\dki.h">
      <Filter>Engine\Zeven\dki</Filter>
    </ClInclude>
    <ClInclude Include="..\..\Engine\DukZeven\Code\dkii.h">
      <Filter>Engine\Zeven\dki</Filter>
    </ClInclude>
    <ClInclude Include="..\..\Engine\DukZeven\Code\dkt.h">
      <Filter>Engine\Zeven\dkt</Filter>
    </ClInclude>
    <ClInclude Include="..\..\Engine\DukZeven\Code\dkti.h">
      <Filter>Engine\Zeven\dkt</Filter>
    </ClInclude>
    <ClInclude Include="..\..\Engine\DukZeven\Code\dkf.h">
      <Filter>Engine\Zeven\dkf</Filter>
    </ClInclude>
    <ClInclude Include="..\..\Engine\DukZeven\Code\dkfi.h">
      <Filter>Engine\Zeven\dkf</Filter>
    </ClInclude>
    <ClInclude Include="..\..\Engine\DukZeven\Code\CFont.h">
      <Filter>Engine\Zeven\dkf</Filter>
    </ClInclude>
    <ClInclude Include="..\..\Engine\DukZeven\Code\dkp.h">
      <Filter>Engine\Zeven\dkp</Filter>
    </ClInclude>
    <ClInclude Include="..\..\Engine\DukZeven\Code\dkpi.h">
      <Filter>Engine\Zeven\dkp</Filter>
    </ClInclude>
    <ClInclude Include="..\..\Engine\DukZeven\Code\CParticle.h">
      <Filter>Engine\Zeven\dkp</Filter>
    </ClInclude>
    <ClInclude Include="..\..\Engine\DukZeven\Code\dkc.h">
      <Filter>Engine\Zeven\dkc</Filter>
    </ClInclude>
    <ClInclude Include="..\..\Engine\DukZeven\Code\dkci.h">
      <Filter>Engine\Zeven\dkc</Filter>
    </ClInclude>
    <ClInclude Include="..\..\Engine\DukZeven\Code\dks.h">
      <Filter>Engine\Zeven\dks</Filter>
    </ClInclude>
    <ClInclude Include="..\..\Engine\DukZeven\Code\dksi.h">
      <Filter>Engine\Zeven\dks</Filter>
    </ClInclude>
  </ItemGroup>
  <ItemGroup>
    <CustomBuildStep Include="screengrab.h">
      <Filter>External</Filter>
    </CustomBuildStep>
  </ItemGroup>
</Project>