Microsoft Visual Studio Solution File, Format Version 10.00
# Visual C++ Express 2008
Project("{8BC9CEB8-8B4A-11D0-8D11-00A0C91BC942}") = "dkc", "dkc.vcproj", "{F9AB239B-815D-4968-8D1D-C94EB3F59966}"
EndProject
Project("{8BC9CEB8-8B4A-11D0-8D11-00A0C91BC942}") = "dkf", "dkf.vcproj", "{2111A5A5-3E6E-4632-9AED-3D6EBA9EC305}"
	ProjectSection(ProjectDependencies) = postProject
		{2ECA1737-8ECD-4FCA-A51D-1810FBB28B05} = {2ECA1737-8ECD-4FCA-A51D-1810FBB28B05}
		{72186BD3-9E26-4F7C-8359-543E07F0DB8B} = {72186BD3-9E26-4F7C-8359-543E07F0DB8B}
	EndProjectSection
EndProject
Project("{8BC9CEB8-8B4A-11D0-8D11-00A0C91BC942}") = "dkgl", "dkgl.vcproj", "{2ECA1737-8ECD-4FCA-A51D-1810FBB28B05}"
EndProject
Project("{8BC9CEB8-8B4A-11D0-8D11-00A0C91BC942}") = "dki", "dki.vcproj", "{AEAA71A2-7AC2-4CD8-8101-7DA3AA3068E2}"
EndProject
Project("{8BC9CEB8-8B4A-11D0-8D11-00A0C91BC942}") = "dkp", "dkp.vcproj", "{652C7DDA-02C9-4F92-82B2-E92871A9A930}"
	ProjectSection(ProjectDependencies) = postProject
		{2ECA1737-8ECD-4FCA-A51D-1810FBB28B05} = {2ECA1737-8ECD-4FCA-A51D-1810FBB28B05}
		{72186BD3-9E26-4F7C-8359-543E07F0DB8B} = {72186BD3-9E26-4F7C-8359-543E07F0DB8B}
	EndProjectSection
EndProject
Project("{8BC9CEB8-8B4A-11D0-8D11-00A0C91BC942}") = "dks", "dks.vcproj", "{DF1F8AE5-6BB5-4E45-8748-7A89AE5A8A31}"
EndProject
Project("{8BC9CEB8-8B4A-11D0-8D11-00A0C91BC942}") = "dksvar", "dksvar.vcproj", "{7C9C132A-D488-4990-BD8E-AF4516FFF82E}"
EndProject
Project("{8BC9CEB8-8B4A-11D0-8D11-00A0C91BC942}") = "dkt", "dkt.vcproj", "{72186BD3-9E26-4F7C-8359-543E07F0DB8B}"
	ProjectSection(ProjectDependencies) = postProject
		{2ECA1737-8ECD-4FCA-A51D-1810FBB28B05} = {2ECA1737-8ECD-4FCA-A51D-1810FBB28B05}
	EndProjectSection
EndProject
Project("{8BC9CEB8-8B4A-11D0-8D11-00A0C91BC942}") = "dkw", "dkw.vcproj", "{DEB819AB-CE38-4031-8D29-401F5AF80865}"
EndProject
Global
	GlobalSection(SolutionConfigurationPlatforms) = preSolution
		Debug|Win32 = Debug|Win32
		DXRelease|Win32 = DXRelease|Win32
		Release|Win32 = Release|Win32
	EndGlobalSection
	GlobalSection(ProjectConfigurationPlatforms) = postSolution
		{F9AB239B-815D-4968-8D1D-C94EB3F59966}.Debug|Win32.ActiveCfg = Debug|Win32
		{F9AB239B-815D-4968-8D1D-C94EB3F59966}.Debug|Win32.Build.0 = Debug|Win32
		{F9AB239B-815D-4968-8D1D-C94EB3F59966}.DXRelease|Win32.ActiveCfg = DXRelease|Win32
		{F9AB239B-815D-4968-8D1D-C94EB3F59966}.Release|Win32.ActiveCfg = Release|Win32
		{F9AB239B-815D-4968-8D1D-C94EB3F59966}.Release|Win32.Build.0 = Release|Win32
		{2111A5A5-3E6E-4632-9AED-3D6EBA9EC305}.Debug|Win32.ActiveCfg = Debug|Win32
		{2111A5A5-3E6E-4632-9AED-3D6EBA9EC305}.Debug|Win32.Build.0 = Debug|Win32
		{2111A5A5-3E6E-4632-9AED-3D6EBA9EC305}.DXRelease|Win32.ActiveCfg = DXRelease|Win32
		{2111A5A5-3E6E-4632-9AED-3D6EBA9EC305}.DXRelease|Win32.Build.0 = DXRelease|Win32
		{2111A5A5-3E6E-4632-9AED-3D6EBA9EC305}.Release|Win32.ActiveCfg = Release|Win32
		{2111A5A5-3E6E-4632-9AED-3D6EBA9EC305}.Release|Win32.Build.0 = Release|Win32
		{2ECA1737-8ECD-4FCA-A51D-1810FBB28B05}.Debug|Win32.ActiveCfg = Debug|Win32
		{2ECA1737-8ECD-4FCA-A51D-1810FBB28B05}.Debug|Win32.Build.0 = Debug|Win32
		{2ECA1737-8ECD-4FCA-A51D-1810FBB28B05}.DXRelease|Win32.ActiveCfg = DXRelease|Win32
		{2ECA1737-8ECD-4FCA-A51D-1810FBB28B05}.DXRelease|Win32.Build.0 = DXRelease|Win32
		{2ECA1737-8ECD-4FCA-A51D-1810FBB28B05}.Release|Win32.ActiveCfg = Release|Win32
		{2ECA1737-8ECD-4FCA-A51D-1810FBB28B05}.Release|Win32.Build.0 = Release|Win32
		{AEAA71A2-7AC2-4CD8-8101-7DA3AA3068E2}.Debug|Win32.ActiveCfg = Debug|Win32
		{AEAA71A2-7AC2-4CD8-8101-7DA3AA3068E2}.Debug|Win32.Build.0 = Debug|Win32
		{AEAA71A2-7AC2-4CD8-8101-7DA3AA3068E2}.DXRelease|Win32.ActiveCfg = DXRelease|Win32
		{AEAA71A2-7AC2-4CD8-8101-7DA3AA3068E2}.Release|Win32.ActiveCfg = Release|Win32
		{AEAA71A2-7AC2-4CD8-8101-7DA3AA3068E2}.Release|Win32.Build.0 = Release|Win32
		{652C7DDA-02C9-4F92-82B2-E92871A9A930}.Debug|Win32.ActiveCfg = Debug|Win32
		{652C7DDA-02C9-4F92-82B2-E92871A9A930}.Debug|Win32.Build.0 = Debug|Win32
		{652C7DDA-02C9-4F92-82B2-E92871A9A930}.DXRelease|Win32.ActiveCfg = DXRelease|Win32
		{652C7DDA-02C9-4F92-82B2-E92871A9A930}.DXRelease|Win32.Build.0 = DXRelease|Win32
		{652C7DDA-02C9-4F92-82B2-E92871A9A930}.Release|Win32.ActiveCfg = Release|Win32
		{652C7DDA-02C9-4F92-82B2-E92871A9A930}.Release|Win32.Build.0 = Release|Win32
		{DF1F8AE5-6BB5-4E45-8748-7A89AE5A8A31}.Debug|Win32.ActiveCfg = Debug|Win32
		{DF1F8AE5-6BB5-4E45-8748-7A89AE5A8A31}.Debug|Win32.Build.0 = Debug|Win32
		{DF1F8AE5-6BB5-4E45-8748-7A89AE5A8A31}.DXRelease|Win32.ActiveCfg = DXRelease|Win32
		{DF1F8AE5-6BB5-4E45-8748-7A89AE5A8A31}.Release|Win32.ActiveCfg = Release|Win32
		{DF1F8AE5-6BB5-4E45-8748-7A89AE5A8A31}.Release|Win32.Build.0 = Release|Win32
		{7C9C132A-D488-4990-BD8E-AF4516FFF82E}.Debug|Win32.ActiveCfg = Debug|Win32
		{7C9C132A-D488-4990-BD8E-AF4516FFF82E}.Debug|Win32.Build.0 = Debug|Win32
		{7C9C132A-D488-4990-BD8E-AF4516FFF82E}.DXRelease|Win32.ActiveCfg = DXRelease|Win32
		{7C9C132A-D488-4990-BD8E-AF4516FFF82E}.Release|Win32.ActiveCfg = Release|Win32
		{7C9C132A-D488-4990-BD8E-AF4516FFF82E}.Release|Win32.Build.0 = Release|Win32
		{72186BD3-9E26-4F7C-8359-543E07F0DB8B}.Debug|Win32.ActiveCfg = Debug|Win32
		{72186BD3-9E26-4F7C-8359-543E07F0DB8B}.Debug|Win32.Build.0 = Debug|Win32
		{72186BD3-9E26-4F7C-8359-543E07F0DB8B}.DXRelease|Win32.ActiveCfg = DXRelease|Win32
		{72186BD3-9E26-4F7C-8359-543E07F0DB8B}.DXRelease|Win32.Build.0 = DXRelease|Win32
		{72186BD3-9E26-4F7C-8359-543E07F0DB8B}.Release|Win32.ActiveCfg = Release|Win32
		{72186BD3-9E26-4F7C-8359-543E07F0DB8B}.Release|Win32.Build.0 = Release|Win32
		{DEB819AB-CE38-4031-8D29-401F5AF80865}.Debug|Win32.ActiveCfg = Debug|Win32
		{DEB819AB-CE38-4031-8D29-401F5AF80865}.Debug|Win32.Build.0 = Debug|Win32
		{DEB819AB-CE38-4031-8D29-401F5AF80865}.DXRelease|Win32.ActiveCfg = DXRelease|Win32
		{DEB819AB-CE38-4031-8D29-401F5AF80865}.Release|Win32.ActiveCfg = Release|Win32
		{DEB819AB-CE38-4031-8D29-401F5AF80865}.Release|Win32.Build.0 = Release|Win32
	EndGlobalSection
	GlobalSection(SolutionProperties) = preSolution
		HideSolutionNode = FALSE
	EndGlobalSection
EndGlobal
